
Microsoft Visual Studio Solution File, Format Version 12.00
# Visual Studio 2012
Project("{FAE04EC0-301F-11D3-BF4B-00C04F79EFBC}") = "RichdizzReady", "RichdizzReady\RichdizzReady.csproj", "{FEB6BF83-1693-4D57-8456-4562876EAEFB}"
EndProject
Global
	GlobalSection(SolutionConfigurationPlatforms) = preSolution
		Debug|Any CPU = Debug|Any CPU
		Release|Any CPU = Release|Any CPU
	EndGlobalSection
	GlobalSection(ProjectConfigurationPlatforms) = postSolution
		{FEB6BF83-1693-4D57-8456-4562876EAEFB}.Debug|Any CPU.ActiveCfg = Debug|Any CPU
		{FEB6BF83-1693-4D57-8456-4562876EAEFB}.Debug|Any CPU.Build.0 = Debug|Any CPU
		{FEB6BF83-1693-4D57-8456-4562876EAEFB}.Release|Any CPU.ActiveCfg = Release|Any CPU
		{FEB6BF83-1693-4D57-8456-4562876EAEFB}.Release|Any CPU.Build.0 = Release|Any CPU
	EndGlobalSection
EndGlobal
